
Microsoft Visual Studio Solution File, Format Version 12.00
# Visual Studio Version 16
VisualStudioVersion = 16.0.31729.503
MinimumVisualStudioVersion = 10.0.40219.1
Project("{FAE04EC0-301F-11D3-BF4B-00C04F79EFBC}") = "PokemonMaze", "PokemonMaze\PokemonMaze.csproj", "{A78D1918-8967-452A-B7EB-6405F83C9F7D}"
EndProject
Global
	GlobalSection(SolutionConfigurationPlatforms) = preSolution
		Debug|Any CPU = Debug|Any CPU
		Release|Any CPU = Release|Any CPU
	EndGlobalSection
	GlobalSection(ProjectConfigurationPlatforms) = postSolution
		{A78D1918-8967-452A-B7EB-6405F83C9F7D}.Debug|Any CPU.ActiveCfg = Debug|Any CPU
		{A78D1918-8967-452A-B7EB-6405F83C9F7D}.Debug|Any CPU.Build.0 = Debug|Any CPU
		{A78D1918-8967-452A-B7EB-6405F83C9F7D}.Release|Any CPU.ActiveCfg = Release|Any CPU
		{A78D1918-8967-452A-B7EB-6405F83C9F7D}.Release|Any CPU.Build.0 = Release|Any CPU
	EndGlobalSection
	GlobalSection(SolutionProperties) = preSolution
		HideSolutionNode = FALSE
	EndGlobalSection
	GlobalSection(ExtensibilityGlobals) = postSolution
		SolutionGuid = {3FFA1D27-2264-45A7-A397-C9C034C6FD04}
	EndGlobalSection
EndGlobal
